
Microsoft Visual Studio Solution File, Format Version 12.00
# Visual Studio Version 17
VisualStudioVersion = 17.13.35818.85 d17.13
MinimumVisualStudioVersion = 10.0.40219.1
Project("{FAE04EC0-301F-11D3-BF4B-00C04F79EFBC}") = "tp_03_kpl", "tp_03_kpl\tp_03_kpl.csproj", "{5B598312-A16C-465D-8A42-2531AF39DD72}"
EndProject
Global
	GlobalSection(SolutionConfigurationPlatforms) = preSolution
		Debug|Any CPU = Debug|Any CPU
		Release|Any CPU = Release|Any CPU
	EndGlobalSection
	GlobalSection(ProjectConfigurationPlatforms) = postSolution
		{5B598312-A16C-465D-8A42-2531AF39DD72}.Debug|Any CPU.ActiveCfg = Debug|Any CPU
		{5B598312-A16C-465D-8A42-2531AF39DD72}.Debug|Any CPU.Build.0 = Debug|Any CPU
		{5B598312-A16C-465D-8A42-2531AF39DD72}.Release|Any CPU.ActiveCfg = Release|Any CPU
		{5B598312-A16C-465D-8A42-2531AF39DD72}.Release|Any CPU.Build.0 = Release|Any CPU
	EndGlobalSection
	GlobalSection(SolutionProperties) = preSolution
		HideSolutionNode = FALSE
	EndGlobalSection
	GlobalSection(ExtensibilityGlobals) = postSolution
		SolutionGuid = {75C81675-ECCD-40AA-8593-77698FF92656}
	EndGlobalSection
EndGlobal
